
Microsoft Visual Studio Solution File, Format Version 12.00
# Visual Studio Version 17
VisualStudioVersion = 17.4.33103.184
MinimumVisualStudioVersion = 10.0.40219.1
Project("{FAE04EC0-301F-11D3-BF4B-00C04F79EFBC}") = "NewTestApp", "NewTestApp.csproj", "{10021508-3EDC-4639-BD39-6DAAB275D1F6}"
EndProject
Global
	GlobalSection(SolutionConfigurationPlatforms) = preSolution
		Debug|Any CPU = Debug|Any CPU
		Release|Any CPU = Release|Any CPU
	EndGlobalSection
	GlobalSection(ProjectConfigurationPlatforms) = postSolution
		{10021508-3EDC-4639-BD39-6DAAB275D1F6}.Debug|Any CPU.ActiveCfg = Debug|Any CPU
		{10021508-3EDC-4639-BD39-6DAAB275D1F6}.Debug|Any CPU.Build.0 = Debug|Any CPU
		{10021508-3EDC-4639-BD39-6DAAB275D1F6}.Release|Any CPU.ActiveCfg = Release|Any CPU
		{10021508-3EDC-4639-BD39-6DAAB275D1F6}.Release|Any CPU.Build.0 = Release|Any CPU
	EndGlobalSection
	GlobalSection(SolutionProperties) = preSolution
		HideSolutionNode = FALSE
	EndGlobalSection
	GlobalSection(ExtensibilityGlobals) = postSolution
		SolutionGuid = {80E3E46B-3B3C-42A5-977F-3131F6FFCE35}
	EndGlobalSection
EndGlobal
